<?xml version="1.0" encoding="utf-8"?>
<Project ToolsVersion="4.0" xmlns="http://schemas.microsoft.com/developer/msbuild/2003">
  <ItemGroup>
    <Filter Include="Headers">
      <UniqueIdentifier>{97eef85e-1c65-4b36-8f6f-86f735d095b0}</UniqueIdentifier>
    </Filter>
    <Filter Include="Sources">
      <UniqueIdentifier>{90b74eb1-ee96-47f1-9891-113b83edc67e}</UniqueIdentifier>
    </Filter>
    <Filter Include="Headers\Insane">
      <UniqueIdentifier>{8def54ca-0114-4890-a7bd-204a784339bd}</UniqueIdentifier>
    </Filter>
  </ItemGroup>
  <ItemGroup>
    <ClInclude Include="$(MSBuildThisFileDirectory)..\include\Insane\Insane.h">
      <Filter>Headers\Insane</Filter>
    </ClInclude>
    <ClInclude Include="$(MSBuildThisFileDirectory)..\include\Insane\InsaneCryptography.h">
      <Filter>Headers\Insane</Filter>
    </ClInclude>
    <ClInclude Include="$(MSBuildThisFileDirectory)..\include\Insane\InsaneString.h">
      <Filter>Headers\Insane</Filter>
    </ClInclude>
    <ClInclude Include="$(MSBuildThisFileDirectory)..\include\Insane\InsaneCore.h">
      <Filter>Headers\Insane</Filter>
    </ClInclude>
    <ClInclude Include="$(MSBuildThisFileDirectory)..\include\Insane\InsanePreprocessor.h">
      <Filter>Headers\Insane</Filter>
    </ClInclude>
    <ClInclude Include="$(MSBuildThisFileDirectory)..\include\Insane\InsaneException.h">
      <Filter>Headers\Insane</Filter>
    </ClInclude>
  </ItemGroup>
  <ItemGroup>
    <ClCompile Include="$(MSBuildThisFileDirectory)Insane.cpp">
      <Filter>Sources</Filter>
    </ClCompile>
    <ClCompile Include="$(MSBuildThisFileDirectory)InsaneCryptography.cpp">
      <Filter>Sources</Filter>
    </ClCompile>
    <ClCompile Include="$(MSBuildThisFileDirectory)InsaneString.cpp">
      <Filter>Sources</Filter>
    </ClCompile>
    <ClCompile Include="$(MSBuildThisFileDirectory)InsaneCore.cpp">
      <Filter>Sources</Filter>
    </ClCompile>
    <ClCompile Include="$(MSBuildThisFileDirectory)InsanePreprocessor.cpp">
      <Filter>Sources</Filter>
    </ClCompile>
    <ClCompile Include="$(MSBuildThisFileDirectory)InsaneException.cpp">
      <Filter>Sources</Filter>
    </ClCompile>
  </ItemGroup>
</Project>